
Microsoft Visual Studio Solution File, Format Version 12.00
# Visual Studio Version 17
VisualStudioVersion = 17.11.35327.3
MinimumVisualStudioVersion = 10.0.40219.1
Project("{8BC9CEB8-8B4A-11D0-8D11-00A0C91BC942}") = "laba5.1", "laba5.1\laba5.1.vcxproj", "{7B51F10A-B896-4286-A312-F1899F7D06AD}"
EndProject
Project("{8BC9CEB8-8B4A-11D0-8D11-00A0C91BC942}") = "laba5.2", "laba5.2\laba5.2.vcxproj", "{B4148581-4B06-4DDE-8D3A-16044B964E33}"
EndProject
Project("{8BC9CEB8-8B4A-11D0-8D11-00A0C91BC942}") = "laba5.3", "laba5.3\laba5.3.vcxproj", "{99395134-388A-412A-9FA0-88DC976D3C4C}"
EndProject
Project("{8BC9CEB8-8B4A-11D0-8D11-00A0C91BC942}") = "laba5.4.1", "laba5.4\laba5.4.vcxproj", "{FBD98643-8E5B-4F61-B7FA-D8F2DC0FE939}"
EndProject
Project("{8BC9CEB8-8B4A-11D0-8D11-00A0C91BC942}") = "laba5.5.1", "laba5.5\laba5.5.vcxproj", "{4CCA161C-DE3C-43A5-A7E4-9B25B08FCD80}"
EndProject
Project("{8BC9CEB8-8B4A-11D0-8D11-00A0C91BC942}") = "laba5.5.3", "laba5.5.3\laba5.5.3.vcxproj", "{B6019C45-DC20-4E03-9705-34C3D37B8E74}"
EndProject
Project("{8BC9CEB8-8B4A-11D0-8D11-00A0C91BC942}") = "laba5.5.5", "laba5.5.5\laba5.5.5.vcxproj", "{57BBF801-240F-4225-A730-7A0550BB9037}"
EndProject
Project("{8BC9CEB8-8B4A-11D0-8D11-00A0C91BC942}") = "laba5.5.7", "laba5.5.7\laba5.5.7.vcxproj", "{0C6B3E67-6BE5-4DF9-9154-742F58E0A2E9}"
EndProject
Project("{8BC9CEB8-8B4A-11D0-8D11-00A0C91BC942}") = "laba5.4.3", "laba5.4.3\laba5.4.3.vcxproj", "{F9FF10F1-607B-4C28-9007-0C932E52B391}"
EndProject
Project("{8BC9CEB8-8B4A-11D0-8D11-00A0C91BC942}") = "laba5.4.5", "laba5.4.5\laba5.4.5.vcxproj", "{D0C1A62A-B8E0-4AB7-ABCD-46E149A568FC}"
EndProject
Project("{8BC9CEB8-8B4A-11D0-8D11-00A0C91BC942}") = "laba5.4.7", "laba5.4.7\laba5.4.7.vcxproj", "{52217250-38EF-4063-A48E-7B3A7F70F4B3}"
EndProject
Global
	GlobalSection(SolutionConfigurationPlatforms) = preSolution
		Debug|x64 = Debug|x64
		Debug|x86 = Debug|x86
		Release|x64 = Release|x64
		Release|x86 = Release|x86
	EndGlobalSection
	GlobalSection(ProjectConfigurationPlatforms) = postSolution
		{7B51F10A-B896-4286-A312-F1899F7D06AD}.Debug|x64.ActiveCfg = Debug|x64
		{7B51F10A-B896-4286-A312-F1899F7D06AD}.Debug|x64.Build.0 = Debug|x64
		{7B51F10A-B896-4286-A312-F1899F7D06AD}.Debug|x86.ActiveCfg = Debug|Win32
		{7B51F10A-B896-4286-A312-F1899F7D06AD}.Debug|x86.Build.0 = Debug|Win32
		{7B51F10A-B896-4286-A312-F1899F7D06AD}.Release|x64.ActiveCfg = Release|x64
		{7B51F10A-B896-4286-A312-F1899F7D06AD}.Release|x64.Build.0 = Release|x64
		{7B51F10A-B896-4286-A312-F1899F7D06AD}.Release|x86.ActiveCfg = Release|Win32
		{7B51F10A-B896-4286-A312-F1899F7D06AD}.Release|x86.Build.0 = Release|Win32
		{B4148581-4B06-4DDE-8D3A-16044B964E33}.Debug|x64.ActiveCfg = Debug|x64
		{B4148581-4B06-4DDE-8D3A-16044B964E33}.Debug|x64.Build.0 = Debug|x64
		{B4148581-4B06-4DDE-8D3A-16044B964E33}.Debug|x86.ActiveCfg = Debug|Win32
		{B4148581-4B06-4DDE-8D3A-16044B964E33}.Debug|x86.Build.0 = Debug|Win32
		{B4148581-4B06-4DDE-8D3A-16044B964E33}.Release|x64.ActiveCfg = Release|x64
		{B4148581-4B06-4DDE-8D3A-16044B964E33}.Release|x64.Build.0 = Release|x64
		{B4148581-4B06-4DDE-8D3A-16044B964E33}.Release|x86.ActiveCfg = Release|Win32
		{B4148581-4B06-4DDE-8D3A-16044B964E33}.Release|x86.Build.0 = Release|Win32
		{99395134-388A-412A-9FA0-88DC976D3C4C}.Debug|x64.ActiveCfg = Debug|x64
		{99395134-388A-412A-9FA0-88DC976D3C4C}.Debug|x64.Build.0 = Debug|x64
		{99395134-388A-412A-9FA0-88DC976D3C4C}.Debug|x86.ActiveCfg = Debug|Win32
		{99395134-388A-412A-9FA0-88DC976D3C4C}.Debug|x86.Build.0 = Debug|Win32
		{99395134-388A-412A-9FA0-88DC976D3C4C}.Release|x64.ActiveCfg = Release|x64
		{99395134-388A-412A-9FA0-88DC976D3C4C}.Release|x64.Build.0 = Release|x64
		{99395134-388A-412A-9FA0-88DC976D3C4C}.Release|x86.ActiveCfg = Release|Win32
		{99395134-388A-412A-9FA0-88DC976D3C4C}.Release|x86.Build.0 = Release|Win32
		{FBD98643-8E5B-4F61-B7FA-D8F2DC0FE939}.Debug|x64.ActiveCfg = Debug|x64
		{FBD98643-8E5B-4F61-B7FA-D8F2DC0FE939}.Debug|x64.Build.0 = Debug|x64
		{FBD98643-8E5B-4F61-B7FA-D8F2DC0FE939}.Debug|x86.ActiveCfg = Debug|Win32
		{FBD98643-8E5B-4F61-B7FA-D8F2DC0FE939}.Debug|x86.Build.0 = Debug|Win32
		{FBD98643-8E5B-4F61-B7FA-D8F2DC0FE939}.Release|x64.ActiveCfg = Release|x64
		{FBD98643-8E5B-4F61-B7FA-D8F2DC0FE939}.Release|x64.Build.0 = Release|x64
		{FBD98643-8E5B-4F61-B7FA-D8F2DC0FE939}.Release|x86.ActiveCfg = Release|Win32
		{FBD98643-8E5B-4F61-B7FA-D8F2DC0FE939}.Release|x86.Build.0 = Release|Win32
		{4CCA161C-DE3C-43A5-A7E4-9B25B08FCD80}.Debug|x64.ActiveCfg = Debug|x64
		{4CCA161C-DE3C-43A5-A7E4-9B25B08FCD80}.Debug|x64.Build.0 = Debug|x64
		{4CCA161C-DE3C-43A5-A7E4-9B25B08FCD80}.Debug|x86.ActiveCfg = Debug|Win32
		{4CCA161C-DE3C-43A5-A7E4-9B25B08FCD80}.Debug|x86.Build.0 = Debug|Win32
		{4CCA161C-DE3C-43A5-A7E4-9B25B08FCD80}.Release|x64.ActiveCfg = Release|x64
		{4CCA161C-DE3C-43A5-A7E4-9B25B08FCD80}.Release|x64.Build.0 = Release|x64
		{4CCA161C-DE3C-43A5-A7E4-9B25B08FCD80}.Release|x86.ActiveCfg = Release|Win32
		{4CCA161C-DE3C-43A5-A7E4-9B25B08FCD80}.Release|x86.Build.0 = Release|Win32
		{B6019C45-DC20-4E03-9705-34C3D37B8E74}.Debug|x64.ActiveCfg = Debug|x64
		{B6019C45-DC20-4E03-9705-34C3D37B8E74}.Debug|x64.Build.0 = Debug|x64
		{B6019C45-DC20-4E03-9705-34C3D37B8E74}.Debug|x86.ActiveCfg = Debug|Win32
		{B6019C45-DC20-4E03-9705-34C3D37B8E74}.Debug|x86.Build.0 = Debug|Win32
		{B6019C45-DC20-4E03-9705-34C3D37B8E74}.Release|x64.ActiveCfg = Release|x64
		{B6019C45-DC20-4E03-9705-34C3D37B8E74}.Release|x64.Build.0 = Release|x64
		{B6019C45-DC20-4E03-9705-34C3D37B8E74}.Release|x86.ActiveCfg = Release|Win32
		{B6019C45-DC20-4E03-9705-34C3D37B8E74}.Release|x86.Build.0 = Release|Win32
		{57BBF801-240F-4225-A730-7A0550BB9037}.Debug|x64.ActiveCfg = Debug|x64
		{57BBF801-240F-4225-A730-7A0550BB9037}.Debug|x64.Build.0 = Debug|x64
		{57BBF801-240F-4225-A730-7A0550BB9037}.Debug|x86.ActiveCfg = Debug|Win32
		{57BBF801-240F-4225-A730-7A0550BB9037}.Debug|x86.Build.0 = Debug|Win32
		{57BBF801-240F-4225-A730-7A0550BB9037}.Release|x64.ActiveCfg = Release|x64
		{57BBF801-240F-4225-A730-7A0550BB9037}.Release|x64.Build.0 = Release|x64
		{57BBF801-240F-4225-A730-7A0550BB9037}.Release|x86.ActiveCfg = Release|Win32
		{57BBF801-240F-4225-A730-7A0550BB9037}.Release|x86.Build.0 = Release|Win32
		{0C6B3E67-6BE5-4DF9-9154-742F58E0A2E9}.Debug|x64.ActiveCfg = Debug|x64
		{0C6B3E67-6BE5-4DF9-9154-742F58E0A2E9}.Debug|x64.Build.0 = Debug|x64
		{0C6B3E67-6BE5-4DF9-9154-742F58E0A2E9}.Debug|x86.ActiveCfg = Debug|Win32
		{0C6B3E67-6BE5-4DF9-9154-742F58E0A2E9}.Debug|x86.Build.0 = Debug|Win32
		{0C6B3E67-6BE5-4DF9-9154-742F58E0A2E9}.Release|x64.ActiveCfg = Release|x64
		{0C6B3E67-6BE5-4DF9-9154-742F58E0A2E9}.Release|x64.Build.0 = Release|x64
		{0C6B3E67-6BE5-4DF9-9154-742F58E0A2E9}.Release|x86.ActiveCfg = Release|Win32
		{0C6B3E67-6BE5-4DF9-9154-742F58E0A2E9}.Release|x86.Build.0 = Release|Win32
		{F9FF10F1-607B-4C28-9007-0C932E52B391}.Debug|x64.ActiveCfg = Debug|x64
		{F9FF10F1-607B-4C28-9007-0C932E52B391}.Debug|x64.Build.0 = Debug|x64
		{F9FF10F1-607B-4C28-9007-0C932E52B391}.Debug|x86.ActiveCfg = Debug|Win32
		{F9FF10F1-607B-4C28-9007-0C932E52B391}.Debug|x86.Build.0 = Debug|Win32
		{F9FF10F1-607B-4C28-9007-0C932E52B391}.Release|x64.ActiveCfg = Release|x64
		{F9FF10F1-607B-4C28-9007-0C932E52B391}.Release|x64.Build.0 = Release|x64
		{F9FF10F1-607B-4C28-9007-0C932E52B391}.Release|x86.ActiveCfg = Release|Win32
		{F9FF10F1-607B-4C28-9007-0C932E52B391}.Release|x86.Build.0 = Release|Win32
		{D0C1A62A-B8E0-4AB7-ABCD-46E149A568FC}.Debug|x64.ActiveCfg = Debug|x64
		{D0C1A62A-B8E0-4AB7-ABCD-46E149A568FC}.Debug|x64.Build.0 = Debug|x64
		{D0C1A62A-B8E0-4AB7-ABCD-46E149A568FC}.Debug|x86.ActiveCfg = Debug|Win32
		{D0C1A62A-B8E0-4AB7-ABCD-46E149A568FC}.Debug|x86.Build.0 = Debug|Win32
		{D0C1A62A-B8E0-4AB7-ABCD-46E149A568FC}.Release|x64.ActiveCfg = Release|x64
		{D0C1A62A-B8E0-4AB7-ABCD-46E149A568FC}.Release|x64.Build.0 = Release|x64
		{D0C1A62A-B8E0-4AB7-ABCD-46E149A568FC}.Release|x86.ActiveCfg = Release|Win32
		{D0C1A62A-B8E0-4AB7-ABCD-46E149A568FC}.Release|x86.Build.0 = Release|Win32
		{52217250-38EF-4063-A48E-7B3A7F70F4B3}.Debug|x64.ActiveCfg = Debug|x64
		{52217250-38EF-4063-A48E-7B3A7F70F4B3}.Debug|x64.Build.0 = Debug|x64
		{52217250-38EF-4063-A48E-7B3A7F70F4B3}.Debug|x86.ActiveCfg = Debug|Win32
		{52217250-38EF-4063-A48E-7B3A7F70F4B3}.Debug|x86.Build.0 = Debug|Win32
		{52217250-38EF-4063-A48E-7B3A7F70F4B3}.Release|x64.ActiveCfg = Release|x64
		{52217250-38EF-4063-A48E-7B3A7F70F4B3}.Release|x64.Build.0 = Release|x64
		{52217250-38EF-4063-A48E-7B3A7F70F4B3}.Release|x86.ActiveCfg = Release|Win32
		{52217250-38EF-4063-A48E-7B3A7F70F4B3}.Release|x86.Build.0 = Release|Win32
	EndGlobalSection
	GlobalSection(SolutionProperties) = preSolution
		HideSolutionNode = FALSE
	EndGlobalSection
	GlobalSection(ExtensibilityGlobals) = postSolution
		SolutionGuid = {A7806788-67CC-4D3E-9695-4EE0C2CB338B}
	EndGlobalSection
EndGlobal
