
Microsoft Visual Studio Solution File, Format Version 12.00
# Visual Studio Version 17
VisualStudioVersion = 17.11.35327.3
MinimumVisualStudioVersion = 10.0.40219.1
Project("{8BC9CEB8-8B4A-11D0-8D11-00A0C91BC942}") = "laba.2.1", "laba.2.1\laba.2.1.vcxproj", "{F88069FB-1DD7-453A-9619-C0D8BF1F8FEA}"
EndProject
Project("{8BC9CEB8-8B4A-11D0-8D11-00A0C91BC942}") = "laba2.2", "laba2.2\laba2.2.vcxproj", "{B6BE032F-F89C-4B0C-AA1D-30A0099B8F16}"
EndProject
Project("{8BC9CEB8-8B4A-11D0-8D11-00A0C91BC942}") = "laba2.3", "laba2.3\laba2.3.vcxproj", "{7A90B603-E2B1-459A-B310-9A03101873F5}"
EndProject
Project("{8BC9CEB8-8B4A-11D0-8D11-00A0C91BC942}") = "laba2.4", "laba2.4\laba2.4.vcxproj", "{2438FF6E-8A13-46CC-B0EF-4C869D10FE09}"
EndProject
Project("{8BC9CEB8-8B4A-11D0-8D11-00A0C91BC942}") = "dopi1", "dopi1\dopi1.vcxproj", "{EFD43F86-FDB5-49A0-BE1E-A4CF9BBB8A0D}"
EndProject
Project("{8BC9CEB8-8B4A-11D0-8D11-00A0C91BC942}") = "dopi1.2", "dopi1.2\dopi1.2.vcxproj", "{C4625F40-AE5C-48F2-BF55-FB3C9FEEA499}"
EndProject
Project("{8BC9CEB8-8B4A-11D0-8D11-00A0C91BC942}") = "dopi6.1", "dopi6.1\dopi6.1.vcxproj", "{D9D812EB-F96A-4609-B8CD-B0F6F8C20CFB}"
EndProject
Project("{8BC9CEB8-8B4A-11D0-8D11-00A0C91BC942}") = "dopi6.2", "dopi6.2\dopi6.2.vcxproj", "{A3DFA7C7-53DC-4D44-9DB7-DEFC4B919A9E}"
EndProject
Project("{8BC9CEB8-8B4A-11D0-8D11-00A0C91BC942}") = "dopi12.1", "dopi12.1\dopi12.1.vcxproj", "{C5B61C8D-98C7-4672-8C2F-6FD1B5DACE87}"
EndProject
Project("{8BC9CEB8-8B4A-11D0-8D11-00A0C91BC942}") = "dopi12.2", "dopi12.2\dopi12.2.vcxproj", "{6A9A18D3-087F-4802-A89D-E3F14113D7A6}"
EndProject
Project("{8BC9CEB8-8B4A-11D0-8D11-00A0C91BC942}") = "dopi7.1", "dopi7.1\dopi7.1.vcxproj", "{C9222C9D-04C0-4C46-A45C-C377FC1028E1}"
EndProject
Project("{8BC9CEB8-8B4A-11D0-8D11-00A0C91BC942}") = "dopi7.2", "dopi7.2\dopi7.2.vcxproj", "{263541C6-09B7-4774-8A89-528940441DB1}"
EndProject
Global
	GlobalSection(SolutionConfigurationPlatforms) = preSolution
		Debug|x64 = Debug|x64
		Debug|x86 = Debug|x86
		Release|x64 = Release|x64
		Release|x86 = Release|x86
	EndGlobalSection
	GlobalSection(ProjectConfigurationPlatforms) = postSolution
		{F88069FB-1DD7-453A-9619-C0D8BF1F8FEA}.Debug|x64.ActiveCfg = Debug|x64
		{F88069FB-1DD7-453A-9619-C0D8BF1F8FEA}.Debug|x64.Build.0 = Debug|x64
		{F88069FB-1DD7-453A-9619-C0D8BF1F8FEA}.Debug|x86.ActiveCfg = Debug|Win32
		{F88069FB-1DD7-453A-9619-C0D8BF1F8FEA}.Debug|x86.Build.0 = Debug|Win32
		{F88069FB-1DD7-453A-9619-C0D8BF1F8FEA}.Release|x64.ActiveCfg = Release|x64
		{F88069FB-1DD7-453A-9619-C0D8BF1F8FEA}.Release|x64.Build.0 = Release|x64
		{F88069FB-1DD7-453A-9619-C0D8BF1F8FEA}.Release|x86.ActiveCfg = Release|Win32
		{F88069FB-1DD7-453A-9619-C0D8BF1F8FEA}.Release|x86.Build.0 = Release|Win32
		{B6BE032F-F89C-4B0C-AA1D-30A0099B8F16}.Debug|x64.ActiveCfg = Debug|x64
		{B6BE032F-F89C-4B0C-AA1D-30A0099B8F16}.Debug|x64.Build.0 = Debug|x64
		{B6BE032F-F89C-4B0C-AA1D-30A0099B8F16}.Debug|x86.ActiveCfg = Debug|Win32
		{B6BE032F-F89C-4B0C-AA1D-30A0099B8F16}.Debug|x86.Build.0 = Debug|Win32
		{B6BE032F-F89C-4B0C-AA1D-30A0099B8F16}.Release|x64.ActiveCfg = Release|x64
		{B6BE032F-F89C-4B0C-AA1D-30A0099B8F16}.Release|x64.Build.0 = Release|x64
		{B6BE032F-F89C-4B0C-AA1D-30A0099B8F16}.Release|x86.ActiveCfg = Release|Win32
		{B6BE032F-F89C-4B0C-AA1D-30A0099B8F16}.Release|x86.Build.0 = Release|Win32
		{7A90B603-E2B1-459A-B310-9A03101873F5}.Debug|x64.ActiveCfg = Debug|x64
		{7A90B603-E2B1-459A-B310-9A03101873F5}.Debug|x64.Build.0 = Debug|x64
		{7A90B603-E2B1-459A-B310-9A03101873F5}.Debug|x86.ActiveCfg = Debug|Win32
		{7A90B603-E2B1-459A-B310-9A03101873F5}.Debug|x86.Build.0 = Debug|Win32
		{7A90B603-E2B1-459A-B310-9A03101873F5}.Release|x64.ActiveCfg = Release|x64
		{7A90B603-E2B1-459A-B310-9A03101873F5}.Release|x64.Build.0 = Release|x64
		{7A90B603-E2B1-459A-B310-9A03101873F5}.Release|x86.ActiveCfg = Release|Win32
		{7A90B603-E2B1-459A-B310-9A03101873F5}.Release|x86.Build.0 = Release|Win32
		{2438FF6E-8A13-46CC-B0EF-4C869D10FE09}.Debug|x64.ActiveCfg = Debug|x64
		{2438FF6E-8A13-46CC-B0EF-4C869D10FE09}.Debug|x64.Build.0 = Debug|x64
		{2438FF6E-8A13-46CC-B0EF-4C869D10FE09}.Debug|x86.ActiveCfg = Debug|Win32
		{2438FF6E-8A13-46CC-B0EF-4C869D10FE09}.Debug|x86.Build.0 = Debug|Win32
		{2438FF6E-8A13-46CC-B0EF-4C869D10FE09}.Release|x64.ActiveCfg = Release|x64
		{2438FF6E-8A13-46CC-B0EF-4C869D10FE09}.Release|x64.Build.0 = Release|x64
		{2438FF6E-8A13-46CC-B0EF-4C869D10FE09}.Release|x86.ActiveCfg = Release|Win32
		{2438FF6E-8A13-46CC-B0EF-4C869D10FE09}.Release|x86.Build.0 = Release|Win32
		{EFD43F86-FDB5-49A0-BE1E-A4CF9BBB8A0D}.Debug|x64.ActiveCfg = Debug|x64
		{EFD43F86-FDB5-49A0-BE1E-A4CF9BBB8A0D}.Debug|x64.Build.0 = Debug|x64
		{EFD43F86-FDB5-49A0-BE1E-A4CF9BBB8A0D}.Debug|x86.ActiveCfg = Debug|Win32
		{EFD43F86-FDB5-49A0-BE1E-A4CF9BBB8A0D}.Debug|x86.Build.0 = Debug|Win32
		{EFD43F86-FDB5-49A0-BE1E-A4CF9BBB8A0D}.Release|x64.ActiveCfg = Release|x64
		{EFD43F86-FDB5-49A0-BE1E-A4CF9BBB8A0D}.Release|x64.Build.0 = Release|x64
		{EFD43F86-FDB5-49A0-BE1E-A4CF9BBB8A0D}.Release|x86.ActiveCfg = Release|Win32
		{EFD43F86-FDB5-49A0-BE1E-A4CF9BBB8A0D}.Release|x86.Build.0 = Release|Win32
		{C4625F40-AE5C-48F2-BF55-FB3C9FEEA499}.Debug|x64.ActiveCfg = Debug|x64
		{C4625F40-AE5C-48F2-BF55-FB3C9FEEA499}.Debug|x64.Build.0 = Debug|x64
		{C4625F40-AE5C-48F2-BF55-FB3C9FEEA499}.Debug|x86.ActiveCfg = Debug|Win32
		{C4625F40-AE5C-48F2-BF55-FB3C9FEEA499}.Debug|x86.Build.0 = Debug|Win32
		{C4625F40-AE5C-48F2-BF55-FB3C9FEEA499}.Release|x64.ActiveCfg = Release|x64
		{C4625F40-AE5C-48F2-BF55-FB3C9FEEA499}.Release|x64.Build.0 = Release|x64
		{C4625F40-AE5C-48F2-BF55-FB3C9FEEA499}.Release|x86.ActiveCfg = Release|Win32
		{C4625F40-AE5C-48F2-BF55-FB3C9FEEA499}.Release|x86.Build.0 = Release|Win32
		{D9D812EB-F96A-4609-B8CD-B0F6F8C20CFB}.Debug|x64.ActiveCfg = Debug|x64
		{D9D812EB-F96A-4609-B8CD-B0F6F8C20CFB}.Debug|x64.Build.0 = Debug|x64
		{D9D812EB-F96A-4609-B8CD-B0F6F8C20CFB}.Debug|x86.ActiveCfg = Debug|Win32
		{D9D812EB-F96A-4609-B8CD-B0F6F8C20CFB}.Debug|x86.Build.0 = Debug|Win32
		{D9D812EB-F96A-4609-B8CD-B0F6F8C20CFB}.Release|x64.ActiveCfg = Release|x64
		{D9D812EB-F96A-4609-B8CD-B0F6F8C20CFB}.Release|x64.Build.0 = Release|x64
		{D9D812EB-F96A-4609-B8CD-B0F6F8C20CFB}.Release|x86.ActiveCfg = Release|Win32
		{D9D812EB-F96A-4609-B8CD-B0F6F8C20CFB}.Release|x86.Build.0 = Release|Win32
		{A3DFA7C7-53DC-4D44-9DB7-DEFC4B919A9E}.Debug|x64.ActiveCfg = Debug|x64
		{A3DFA7C7-53DC-4D44-9DB7-DEFC4B919A9E}.Debug|x64.Build.0 = Debug|x64
		{A3DFA7C7-53DC-4D44-9DB7-DEFC4B919A9E}.Debug|x86.ActiveCfg = Debug|Win32
		{A3DFA7C7-53DC-4D44-9DB7-DEFC4B919A9E}.Debug|x86.Build.0 = Debug|Win32
		{A3DFA7C7-53DC-4D44-9DB7-DEFC4B919A9E}.Release|x64.ActiveCfg = Release|x64
		{A3DFA7C7-53DC-4D44-9DB7-DEFC4B919A9E}.Release|x64.Build.0 = Release|x64
		{A3DFA7C7-53DC-4D44-9DB7-DEFC4B919A9E}.Release|x86.ActiveCfg = Release|Win32
		{A3DFA7C7-53DC-4D44-9DB7-DEFC4B919A9E}.Release|x86.Build.0 = Release|Win32
		{C5B61C8D-98C7-4672-8C2F-6FD1B5DACE87}.Debug|x64.ActiveCfg = Debug|x64
		{C5B61C8D-98C7-4672-8C2F-6FD1B5DACE87}.Debug|x64.Build.0 = Debug|x64
		{C5B61C8D-98C7-4672-8C2F-6FD1B5DACE87}.Debug|x86.ActiveCfg = Debug|Win32
		{C5B61C8D-98C7-4672-8C2F-6FD1B5DACE87}.Debug|x86.Build.0 = Debug|Win32
		{C5B61C8D-98C7-4672-8C2F-6FD1B5DACE87}.Release|x64.ActiveCfg = Release|x64
		{C5B61C8D-98C7-4672-8C2F-6FD1B5DACE87}.Release|x64.Build.0 = Release|x64
		{C5B61C8D-98C7-4672-8C2F-6FD1B5DACE87}.Release|x86.ActiveCfg = Release|Win32
		{C5B61C8D-98C7-4672-8C2F-6FD1B5DACE87}.Release|x86.Build.0 = Release|Win32
		{6A9A18D3-087F-4802-A89D-E3F14113D7A6}.Debug|x64.ActiveCfg = Debug|x64
		{6A9A18D3-087F-4802-A89D-E3F14113D7A6}.Debug|x64.Build.0 = Debug|x64
		{6A9A18D3-087F-4802-A89D-E3F14113D7A6}.Debug|x86.ActiveCfg = Debug|Win32
		{6A9A18D3-087F-4802-A89D-E3F14113D7A6}.Debug|x86.Build.0 = Debug|Win32
		{6A9A18D3-087F-4802-A89D-E3F14113D7A6}.Release|x64.ActiveCfg = Release|x64
		{6A9A18D3-087F-4802-A89D-E3F14113D7A6}.Release|x64.Build.0 = Release|x64
		{6A9A18D3-087F-4802-A89D-E3F14113D7A6}.Release|x86.ActiveCfg = Release|Win32
		{6A9A18D3-087F-4802-A89D-E3F14113D7A6}.Release|x86.Build.0 = Release|Win32
		{C9222C9D-04C0-4C46-A45C-C377FC1028E1}.Debug|x64.ActiveCfg = Debug|x64
		{C9222C9D-04C0-4C46-A45C-C377FC1028E1}.Debug|x64.Build.0 = Debug|x64
		{C9222C9D-04C0-4C46-A45C-C377FC1028E1}.Debug|x86.ActiveCfg = Debug|Win32
		{C9222C9D-04C0-4C46-A45C-C377FC1028E1}.Debug|x86.Build.0 = Debug|Win32
		{C9222C9D-04C0-4C46-A45C-C377FC1028E1}.Release|x64.ActiveCfg = Release|x64
		{C9222C9D-04C0-4C46-A45C-C377FC1028E1}.Release|x64.Build.0 = Release|x64
		{C9222C9D-04C0-4C46-A45C-C377FC1028E1}.Release|x86.ActiveCfg = Release|Win32
		{C9222C9D-04C0-4C46-A45C-C377FC1028E1}.Release|x86.Build.0 = Release|Win32
		{263541C6-09B7-4774-8A89-528940441DB1}.Debug|x64.ActiveCfg = Debug|x64
		{263541C6-09B7-4774-8A89-528940441DB1}.Debug|x64.Build.0 = Debug|x64
		{263541C6-09B7-4774-8A89-528940441DB1}.Debug|x86.ActiveCfg = Debug|Win32
		{263541C6-09B7-4774-8A89-528940441DB1}.Debug|x86.Build.0 = Debug|Win32
		{263541C6-09B7-4774-8A89-528940441DB1}.Release|x64.ActiveCfg = Release|x64
		{263541C6-09B7-4774-8A89-528940441DB1}.Release|x64.Build.0 = Release|x64
		{263541C6-09B7-4774-8A89-528940441DB1}.Release|x86.ActiveCfg = Release|Win32
		{263541C6-09B7-4774-8A89-528940441DB1}.Release|x86.Build.0 = Release|Win32
	EndGlobalSection
	GlobalSection(SolutionProperties) = preSolution
		HideSolutionNode = FALSE
	EndGlobalSection
	GlobalSection(ExtensibilityGlobals) = postSolution
		SolutionGuid = {ED22F55C-2CBE-48F3-B53A-1533215C9694}
	EndGlobalSection
EndGlobal
