
Microsoft Visual Studio Solution File, Format Version 12.00
# Visual Studio Version 17
VisualStudioVersion = 17.11.35327.3
MinimumVisualStudioVersion = 10.0.40219.1
Project("{8BC9CEB8-8B4A-11D0-8D11-00A0C91BC942}") = "laba10.1", "laba10.1\laba10.1.vcxproj", "{E6DE6347-3CA8-49E8-B0AA-3469AC4C593D}"
EndProject
Project("{8BC9CEB8-8B4A-11D0-8D11-00A0C91BC942}") = "laba10.2", "laba10.2\laba10.2.vcxproj", "{2A541FCF-3425-42C6-9501-9885F71984E9}"
EndProject
Project("{8BC9CEB8-8B4A-11D0-8D11-00A0C91BC942}") = "laba10.3", "laba10.3\laba10.3.vcxproj", "{C3D496F8-4ABF-4321-BBD5-CA17AEC914AE}"
EndProject
Project("{8BC9CEB8-8B4A-11D0-8D11-00A0C91BC942}") = "laba10.4", "laba10.4\laba10.4.vcxproj", "{4B0DA4F8-1201-4A89-8236-0F04F1F18B2A}"
EndProject
Project("{8BC9CEB8-8B4A-11D0-8D11-00A0C91BC942}") = "laba10.5", "laba10.5\laba10.5.vcxproj", "{6CC9244B-7572-4AE4-B5DF-EC3730048A5D}"
EndProject
Project("{8BC9CEB8-8B4A-11D0-8D11-00A0C91BC942}") = "dopi1", "dopi1\dopi1.vcxproj", "{8992EF11-CFD7-45C4-9047-22426C4AC551}"
EndProject
Project("{8BC9CEB8-8B4A-11D0-8D11-00A0C91BC942}") = "dopi2", "dopi2\dopi2.vcxproj", "{49AC7815-BF66-46EA-B1C3-EC9BB2325BD9}"
EndProject
Project("{8BC9CEB8-8B4A-11D0-8D11-00A0C91BC942}") = "dopi3", "dopi3\dopi3.vcxproj", "{2ABB4D3D-DFE1-494E-9CF5-DC6D98BAEA7D}"
EndProject
Project("{8BC9CEB8-8B4A-11D0-8D11-00A0C91BC942}") = "dopi1.1", "dopi1.1\dopi1.1.vcxproj", "{EF01F4E2-AF9B-46F7-B17A-363DFE642105}"
EndProject
Project("{8BC9CEB8-8B4A-11D0-8D11-00A0C91BC942}") = "dopi3.1", "dopi3.1\dopi3.1.vcxproj", "{03673AB0-70EE-4132-AE3C-5FEA83B7BC90}"
EndProject
Project("{8BC9CEB8-8B4A-11D0-8D11-00A0C91BC942}") = "dopi3.2", "dopi3.2\dopi3.2.vcxproj", "{E5DEEEDB-FEC4-46EF-88BC-002FBE321F3A}"
EndProject
Global
	GlobalSection(SolutionConfigurationPlatforms) = preSolution
		Debug|x64 = Debug|x64
		Debug|x86 = Debug|x86
		Release|x64 = Release|x64
		Release|x86 = Release|x86
	EndGlobalSection
	GlobalSection(ProjectConfigurationPlatforms) = postSolution
		{E6DE6347-3CA8-49E8-B0AA-3469AC4C593D}.Debug|x64.ActiveCfg = Debug|x64
		{E6DE6347-3CA8-49E8-B0AA-3469AC4C593D}.Debug|x64.Build.0 = Debug|x64
		{E6DE6347-3CA8-49E8-B0AA-3469AC4C593D}.Debug|x86.ActiveCfg = Debug|Win32
		{E6DE6347-3CA8-49E8-B0AA-3469AC4C593D}.Debug|x86.Build.0 = Debug|Win32
		{E6DE6347-3CA8-49E8-B0AA-3469AC4C593D}.Release|x64.ActiveCfg = Release|x64
		{E6DE6347-3CA8-49E8-B0AA-3469AC4C593D}.Release|x64.Build.0 = Release|x64
		{E6DE6347-3CA8-49E8-B0AA-3469AC4C593D}.Release|x86.ActiveCfg = Release|Win32
		{E6DE6347-3CA8-49E8-B0AA-3469AC4C593D}.Release|x86.Build.0 = Release|Win32
		{2A541FCF-3425-42C6-9501-9885F71984E9}.Debug|x64.ActiveCfg = Debug|x64
		{2A541FCF-3425-42C6-9501-9885F71984E9}.Debug|x64.Build.0 = Debug|x64
		{2A541FCF-3425-42C6-9501-9885F71984E9}.Debug|x86.ActiveCfg = Debug|Win32
		{2A541FCF-3425-42C6-9501-9885F71984E9}.Debug|x86.Build.0 = Debug|Win32
		{2A541FCF-3425-42C6-9501-9885F71984E9}.Release|x64.ActiveCfg = Release|x64
		{2A541FCF-3425-42C6-9501-9885F71984E9}.Release|x64.Build.0 = Release|x64
		{2A541FCF-3425-42C6-9501-9885F71984E9}.Release|x86.ActiveCfg = Release|Win32
		{2A541FCF-3425-42C6-9501-9885F71984E9}.Release|x86.Build.0 = Release|Win32
		{C3D496F8-4ABF-4321-BBD5-CA17AEC914AE}.Debug|x64.ActiveCfg = Debug|x64
		{C3D496F8-4ABF-4321-BBD5-CA17AEC914AE}.Debug|x64.Build.0 = Debug|x64
		{C3D496F8-4ABF-4321-BBD5-CA17AEC914AE}.Debug|x86.ActiveCfg = Debug|Win32
		{C3D496F8-4ABF-4321-BBD5-CA17AEC914AE}.Debug|x86.Build.0 = Debug|Win32
		{C3D496F8-4ABF-4321-BBD5-CA17AEC914AE}.Release|x64.ActiveCfg = Release|x64
		{C3D496F8-4ABF-4321-BBD5-CA17AEC914AE}.Release|x64.Build.0 = Release|x64
		{C3D496F8-4ABF-4321-BBD5-CA17AEC914AE}.Release|x86.ActiveCfg = Release|Win32
		{C3D496F8-4ABF-4321-BBD5-CA17AEC914AE}.Release|x86.Build.0 = Release|Win32
		{4B0DA4F8-1201-4A89-8236-0F04F1F18B2A}.Debug|x64.ActiveCfg = Debug|x64
		{4B0DA4F8-1201-4A89-8236-0F04F1F18B2A}.Debug|x64.Build.0 = Debug|x64
		{4B0DA4F8-1201-4A89-8236-0F04F1F18B2A}.Debug|x86.ActiveCfg = Debug|Win32
		{4B0DA4F8-1201-4A89-8236-0F04F1F18B2A}.Debug|x86.Build.0 = Debug|Win32
		{4B0DA4F8-1201-4A89-8236-0F04F1F18B2A}.Release|x64.ActiveCfg = Release|x64
		{4B0DA4F8-1201-4A89-8236-0F04F1F18B2A}.Release|x64.Build.0 = Release|x64
		{4B0DA4F8-1201-4A89-8236-0F04F1F18B2A}.Release|x86.ActiveCfg = Release|Win32
		{4B0DA4F8-1201-4A89-8236-0F04F1F18B2A}.Release|x86.Build.0 = Release|Win32
		{6CC9244B-7572-4AE4-B5DF-EC3730048A5D}.Debug|x64.ActiveCfg = Debug|x64
		{6CC9244B-7572-4AE4-B5DF-EC3730048A5D}.Debug|x64.Build.0 = Debug|x64
		{6CC9244B-7572-4AE4-B5DF-EC3730048A5D}.Debug|x86.ActiveCfg = Debug|Win32
		{6CC9244B-7572-4AE4-B5DF-EC3730048A5D}.Debug|x86.Build.0 = Debug|Win32
		{6CC9244B-7572-4AE4-B5DF-EC3730048A5D}.Release|x64.ActiveCfg = Release|x64
		{6CC9244B-7572-4AE4-B5DF-EC3730048A5D}.Release|x64.Build.0 = Release|x64
		{6CC9244B-7572-4AE4-B5DF-EC3730048A5D}.Release|x86.ActiveCfg = Release|Win32
		{6CC9244B-7572-4AE4-B5DF-EC3730048A5D}.Release|x86.Build.0 = Release|Win32
		{8992EF11-CFD7-45C4-9047-22426C4AC551}.Debug|x64.ActiveCfg = Debug|x64
		{8992EF11-CFD7-45C4-9047-22426C4AC551}.Debug|x64.Build.0 = Debug|x64
		{8992EF11-CFD7-45C4-9047-22426C4AC551}.Debug|x86.ActiveCfg = Debug|Win32
		{8992EF11-CFD7-45C4-9047-22426C4AC551}.Debug|x86.Build.0 = Debug|Win32
		{8992EF11-CFD7-45C4-9047-22426C4AC551}.Release|x64.ActiveCfg = Release|x64
		{8992EF11-CFD7-45C4-9047-22426C4AC551}.Release|x64.Build.0 = Release|x64
		{8992EF11-CFD7-45C4-9047-22426C4AC551}.Release|x86.ActiveCfg = Release|Win32
		{8992EF11-CFD7-45C4-9047-22426C4AC551}.Release|x86.Build.0 = Release|Win32
		{49AC7815-BF66-46EA-B1C3-EC9BB2325BD9}.Debug|x64.ActiveCfg = Debug|x64
		{49AC7815-BF66-46EA-B1C3-EC9BB2325BD9}.Debug|x64.Build.0 = Debug|x64
		{49AC7815-BF66-46EA-B1C3-EC9BB2325BD9}.Debug|x86.ActiveCfg = Debug|Win32
		{49AC7815-BF66-46EA-B1C3-EC9BB2325BD9}.Debug|x86.Build.0 = Debug|Win32
		{49AC7815-BF66-46EA-B1C3-EC9BB2325BD9}.Release|x64.ActiveCfg = Release|x64
		{49AC7815-BF66-46EA-B1C3-EC9BB2325BD9}.Release|x64.Build.0 = Release|x64
		{49AC7815-BF66-46EA-B1C3-EC9BB2325BD9}.Release|x86.ActiveCfg = Release|Win32
		{49AC7815-BF66-46EA-B1C3-EC9BB2325BD9}.Release|x86.Build.0 = Release|Win32
		{2ABB4D3D-DFE1-494E-9CF5-DC6D98BAEA7D}.Debug|x64.ActiveCfg = Debug|x64
		{2ABB4D3D-DFE1-494E-9CF5-DC6D98BAEA7D}.Debug|x64.Build.0 = Debug|x64
		{2ABB4D3D-DFE1-494E-9CF5-DC6D98BAEA7D}.Debug|x86.ActiveCfg = Debug|Win32
		{2ABB4D3D-DFE1-494E-9CF5-DC6D98BAEA7D}.Debug|x86.Build.0 = Debug|Win32
		{2ABB4D3D-DFE1-494E-9CF5-DC6D98BAEA7D}.Release|x64.ActiveCfg = Release|x64
		{2ABB4D3D-DFE1-494E-9CF5-DC6D98BAEA7D}.Release|x64.Build.0 = Release|x64
		{2ABB4D3D-DFE1-494E-9CF5-DC6D98BAEA7D}.Release|x86.ActiveCfg = Release|Win32
		{2ABB4D3D-DFE1-494E-9CF5-DC6D98BAEA7D}.Release|x86.Build.0 = Release|Win32
		{EF01F4E2-AF9B-46F7-B17A-363DFE642105}.Debug|x64.ActiveCfg = Debug|x64
		{EF01F4E2-AF9B-46F7-B17A-363DFE642105}.Debug|x64.Build.0 = Debug|x64
		{EF01F4E2-AF9B-46F7-B17A-363DFE642105}.Debug|x86.ActiveCfg = Debug|Win32
		{EF01F4E2-AF9B-46F7-B17A-363DFE642105}.Debug|x86.Build.0 = Debug|Win32
		{EF01F4E2-AF9B-46F7-B17A-363DFE642105}.Release|x64.ActiveCfg = Release|x64
		{EF01F4E2-AF9B-46F7-B17A-363DFE642105}.Release|x64.Build.0 = Release|x64
		{EF01F4E2-AF9B-46F7-B17A-363DFE642105}.Release|x86.ActiveCfg = Release|Win32
		{EF01F4E2-AF9B-46F7-B17A-363DFE642105}.Release|x86.Build.0 = Release|Win32
		{03673AB0-70EE-4132-AE3C-5FEA83B7BC90}.Debug|x64.ActiveCfg = Debug|x64
		{03673AB0-70EE-4132-AE3C-5FEA83B7BC90}.Debug|x64.Build.0 = Debug|x64
		{03673AB0-70EE-4132-AE3C-5FEA83B7BC90}.Debug|x86.ActiveCfg = Debug|Win32
		{03673AB0-70EE-4132-AE3C-5FEA83B7BC90}.Debug|x86.Build.0 = Debug|Win32
		{03673AB0-70EE-4132-AE3C-5FEA83B7BC90}.Release|x64.ActiveCfg = Release|x64
		{03673AB0-70EE-4132-AE3C-5FEA83B7BC90}.Release|x64.Build.0 = Release|x64
		{03673AB0-70EE-4132-AE3C-5FEA83B7BC90}.Release|x86.ActiveCfg = Release|Win32
		{03673AB0-70EE-4132-AE3C-5FEA83B7BC90}.Release|x86.Build.0 = Release|Win32
		{E5DEEEDB-FEC4-46EF-88BC-002FBE321F3A}.Debug|x64.ActiveCfg = Debug|x64
		{E5DEEEDB-FEC4-46EF-88BC-002FBE321F3A}.Debug|x64.Build.0 = Debug|x64
		{E5DEEEDB-FEC4-46EF-88BC-002FBE321F3A}.Debug|x86.ActiveCfg = Debug|Win32
		{E5DEEEDB-FEC4-46EF-88BC-002FBE321F3A}.Debug|x86.Build.0 = Debug|Win32
		{E5DEEEDB-FEC4-46EF-88BC-002FBE321F3A}.Release|x64.ActiveCfg = Release|x64
		{E5DEEEDB-FEC4-46EF-88BC-002FBE321F3A}.Release|x64.Build.0 = Release|x64
		{E5DEEEDB-FEC4-46EF-88BC-002FBE321F3A}.Release|x86.ActiveCfg = Release|Win32
		{E5DEEEDB-FEC4-46EF-88BC-002FBE321F3A}.Release|x86.Build.0 = Release|Win32
	EndGlobalSection
	GlobalSection(SolutionProperties) = preSolution
		HideSolutionNode = FALSE
	EndGlobalSection
	GlobalSection(ExtensibilityGlobals) = postSolution
		SolutionGuid = {091FF649-09AA-4A16-B21E-4868324C1785}
	EndGlobalSection
EndGlobal
